
Microsoft Visual Studio Solution File, Format Version 12.00
# Visual Studio 15
VisualStudioVersion = 15.0.28307.329
MinimumVisualStudioVersion = 10.0.40219.1
Project("{FAE04EC0-301F-11D3-BF4B-00C04F79EFBC}") = "3LayerApp.Web", "3LayerApp.Web\3LayerApp.Web.csproj", "{C3997EC9-DA6A-4C87-A344-9C437C4615C4}"
EndProject
Project("{FAE04EC0-301F-11D3-BF4B-00C04F79EFBC}") = "3LayerApp.DAL", "3LayerApp.DAL\3LayerApp.DAL.csproj", "{6D711571-7322-4CC5-8892-AE242FBCB78C}"
EndProject
Project("{FAE04EC0-301F-11D3-BF4B-00C04F79EFBC}") = "3LayerApp.BLL", "3LayerApp.BLL\3LayerApp.BLL.csproj", "{82249B2C-1B01-407D-AA20-DAB4B8C48A34}"
EndProject
Global
	GlobalSection(SolutionConfigurationPlatforms) = preSolution
		Debug|Any CPU = Debug|Any CPU
		Release|Any CPU = Release|Any CPU
	EndGlobalSection
	GlobalSection(ProjectConfigurationPlatforms) = postSolution
		{C3997EC9-DA6A-4C87-A344-9C437C4615C4}.Debug|Any CPU.ActiveCfg = Debug|Any CPU
		{C3997EC9-DA6A-4C87-A344-9C437C4615C4}.Debug|Any CPU.Build.0 = Debug|Any CPU
		{C3997EC9-DA6A-4C87-A344-9C437C4615C4}.Release|Any CPU.ActiveCfg = Release|Any CPU
		{C3997EC9-DA6A-4C87-A344-9C437C4615C4}.Release|Any CPU.Build.0 = Release|Any CPU
		{6D711571-7322-4CC5-8892-AE242FBCB78C}.Debug|Any CPU.ActiveCfg = Debug|Any CPU
		{6D711571-7322-4CC5-8892-AE242FBCB78C}.Debug|Any CPU.Build.0 = Debug|Any CPU
		{6D711571-7322-4CC5-8892-AE242FBCB78C}.Release|Any CPU.ActiveCfg = Release|Any CPU
		{6D711571-7322-4CC5-8892-AE242FBCB78C}.Release|Any CPU.Build.0 = Release|Any CPU
		{82249B2C-1B01-407D-AA20-DAB4B8C48A34}.Debug|Any CPU.ActiveCfg = Debug|Any CPU
		{82249B2C-1B01-407D-AA20-DAB4B8C48A34}.Debug|Any CPU.Build.0 = Debug|Any CPU
		{82249B2C-1B01-407D-AA20-DAB4B8C48A34}.Release|Any CPU.ActiveCfg = Release|Any CPU
		{82249B2C-1B01-407D-AA20-DAB4B8C48A34}.Release|Any CPU.Build.0 = Release|Any CPU
	EndGlobalSection
	GlobalSection(SolutionProperties) = preSolution
		HideSolutionNode = FALSE
	EndGlobalSection
	GlobalSection(ExtensibilityGlobals) = postSolution
		SolutionGuid = {911DE359-826F-4F4A-A86E-1759A46CAF82}
	EndGlobalSection
EndGlobal
